// !$*UTF8*$!
{
	archiveVersion = 1;
	classes = {
	};
	objectVersion = 46;
	objects = {

/* Begin PBXBuildFile section */
		0193469E1E0B5A1900D9053F /* Assets.xcassets in Resources */ = {isa = PBXBuildFile; fileRef = 0193469D1E0B5A1900D9053F /* Assets.xcassets */; };
		01BF70591E21385700B0D33A /* MainViewController.swift in Sources */ = {isa = PBXBuildFile; fileRef = 01BF70571E21385700B0D33A /* MainViewController.swift */; };
		01BF705A1E21385700B0D33A /* MainViewController.xib in Resources */ = {isa = PBXBuildFile; fileRef = 01BF70581E21385700B0D33A /* MainViewController.xib */; };
		01BF70601E213AD300B0D33A /* ISOnDemandTableView.m in Sources */ = {isa = PBXBuildFile; fileRef = 01BF705E1E213AD300B0D33A /* ISOnDemandTableView.m */; };
		01BF70611E213AD300B0D33A /* ISOnDemandTableViewInteractor.m in Sources */ = {isa = PBXBuildFile; fileRef = 01BF705F1E213AD300B0D33A /* ISOnDemandTableViewInteractor.m */; };
		01BF70631E214FBA00B0D33A /* CustomTableViewInteractor.swift in Sources */ = {isa = PBXBuildFile; fileRef = 01BF70621E214FBA00B0D33A /* CustomTableViewInteractor.swift */; };
		01BF70661E21504500B0D33A /* SimpleTableViewCell.swift in Sources */ = {isa = PBXBuildFile; fileRef = 01BF70641E21504500B0D33A /* SimpleTableViewCell.swift */; };
		01BF70671E21504500B0D33A /* SimpleTableViewCell.xib in Resources */ = {isa = PBXBuildFile; fileRef = 01BF70651E21504500B0D33A /* SimpleTableViewCell.xib */; };
		01E0875C1E11EC64001420E0 /* AppDelegate.m in Sources */ = {isa = PBXBuildFile; fileRef = 01E0875B1E11EC64001420E0 /* AppDelegate.m */; };
		01E087621E11ED31001420E0 /* main.m in Sources */ = {isa = PBXBuildFile; fileRef = 01E087611E11ED31001420E0 /* main.m */; };
		01E087671E11ED6A001420E0 /* LaunchScreen.storyboard in Resources */ = {isa = PBXBuildFile; fileRef = 01E087631E11ED6A001420E0 /* LaunchScreen.storyboard */; };
/* End PBXBuildFile section */

/* Begin PBXFileReference section */
		0193468E1E0B5A1900D9053F /* ISOnDemandTableView.app */ = {isa = PBXFileReference; explicitFileType = wrapper.application; includeInIndex = 0; path = ISOnDemandTableView.app; sourceTree = BUILT_PRODUCTS_DIR; };
		0193469D1E0B5A1900D9053F /* Assets.xcassets */ = {isa = PBXFileReference; lastKnownFileType = folder.assetcatalog; path = Assets.xcassets; sourceTree = "<group>"; };
		019346A21E0B5A1900D9053F /* Info.plist */ = {isa = PBXFileReference; lastKnownFileType = text.plist.xml; path = Info.plist; sourceTree = "<group>"; };
		01BF70561E21385700B0D33A /* ISOnDemandTableView-Bridging-Header.h */ = {isa = PBXFileReference; lastKnownFileType = sourcecode.c.h; path = "ISOnDemandTableView-Bridging-Header.h"; sourceTree = "<group>"; };
		01BF70571E21385700B0D33A /* MainViewController.swift */ = {isa = PBXFileReference; fileEncoding = 4; lastKnownFileType = sourcecode.swift; name = MainViewController.swift; path = Example/MainViewController.swift; sourceTree = "<group>"; };
		01BF70581E21385700B0D33A /* MainViewController.xib */ = {isa = PBXFileReference; fileEncoding = 4; lastKnownFileType = file.xib; name = MainViewController.xib; path = Example/MainViewController.xib; sourceTree = "<group>"; };
		01BF705B1E213AD300B0D33A /* ISOnDemandTableView.h */ = {isa = PBXFileReference; fileEncoding = 4; lastKnownFileType = sourcecode.c.h; path = ISOnDemandTableView.h; sourceTree = "<group>"; };
		01BF705C1E213AD300B0D33A /* ISOnDemandTableViewCell.h */ = {isa = PBXFileReference; fileEncoding = 4; lastKnownFileType = sourcecode.c.h; path = ISOnDemandTableViewCell.h; sourceTree = "<group>"; };
		01BF705D1E213AD300B0D33A /* ISOnDemandTableViewInteractor.h */ = {isa = PBXFileReference; fileEncoding = 4; lastKnownFileType = sourcecode.c.h; path = ISOnDemandTableViewInteractor.h; sourceTree = "<group>"; };
		01BF705E1E213AD300B0D33A /* ISOnDemandTableView.m */ = {isa = PBXFileReference; fileEncoding = 4; lastKnownFileType = sourcecode.c.objc; path = ISOnDemandTableView.m; sourceTree = "<group>"; };
		01BF705F1E213AD300B0D33A /* ISOnDemandTableViewInteractor.m */ = {isa = PBXFileReference; fileEncoding = 4; lastKnownFileType = sourcecode.c.objc; path = ISOnDemandTableViewInteractor.m; sourceTree = "<group>"; };
		01BF70621E214FBA00B0D33A /* CustomTableViewInteractor.swift */ = {isa = PBXFileReference; fileEncoding = 4; lastKnownFileType = sourcecode.swift; name = CustomTableViewInteractor.swift; path = Example/CustomTableViewInteractor.swift; sourceTree = "<group>"; };
		01BF70641E21504500B0D33A /* SimpleTableViewCell.swift */ = {isa = PBXFileReference; fileEncoding = 4; lastKnownFileType = sourcecode.swift; name = SimpleTableViewCell.swift; path = Example/SimpleTableViewCell.swift; sourceTree = "<group>"; };
		01BF70651E21504500B0D33A /* SimpleTableViewCell.xib */ = {isa = PBXFileReference; fileEncoding = 4; lastKnownFileType = file.xib; name = SimpleTableViewCell.xib; path = Example/SimpleTableViewCell.xib; sourceTree = "<group>"; };
		01E0875A1E11EC64001420E0 /* AppDelegate.h */ = {isa = PBXFileReference; fileEncoding = 4; lastKnownFileType = sourcecode.c.h; name = AppDelegate.h; path = Example/AppDelegate.h; sourceTree = "<group>"; };
		01E0875B1E11EC64001420E0 /* AppDelegate.m */ = {isa = PBXFileReference; fileEncoding = 4; lastKnownFileType = sourcecode.c.objc; name = AppDelegate.m; path = Example/AppDelegate.m; sourceTree = "<group>"; };
		01E087611E11ED31001420E0 /* main.m */ = {isa = PBXFileReference; fileEncoding = 4; lastKnownFileType = sourcecode.c.objc; name = main.m; path = Example/main.m; sourceTree = "<group>"; };
		01E087641E11ED6A001420E0 /* Base */ = {isa = PBXFileReference; lastKnownFileType = file.storyboard; name = Base; path = Example/Base.lproj/LaunchScreen.storyboard; sourceTree = "<group>"; };
/* End PBXFileReference section */

/* Begin PBXFrameworksBuildPhase section */
		0193468B1E0B5A1900D9053F /* Frameworks */ = {
			isa = PBXFrameworksBuildPhase;
			buildActionMask = 2147483647;
			files = (
			);
			runOnlyForDeploymentPostprocessing = 0;
		};
/* End PBXFrameworksBuildPhase section */

/* Begin PBXGroup section */
		019346851E0B5A1900D9053F = {
			isa = PBXGroup;
			children = (
				01E087591E11EB59001420E0 /* Example */,
				019346901E0B5A1900D9053F /* ISOnDemandTableView */,
				0193468F1E0B5A1900D9053F /* Products */,
			);
			sourceTree = "<group>";
		};
		0193468F1E0B5A1900D9053F /* Products */ = {
			isa = PBXGroup;
			children = (
				0193468E1E0B5A1900D9053F /* ISOnDemandTableView.app */,
			);
			name = Products;
			sourceTree = "<group>";
		};
		019346901E0B5A1900D9053F /* ISOnDemandTableView */ = {
			isa = PBXGroup;
			children = (
				01BF705B1E213AD300B0D33A /* ISOnDemandTableView.h */,
				01BF705E1E213AD300B0D33A /* ISOnDemandTableView.m */,
				01BF705C1E213AD300B0D33A /* ISOnDemandTableViewCell.h */,
				01BF705D1E213AD300B0D33A /* ISOnDemandTableViewInteractor.h */,
				01BF705F1E213AD300B0D33A /* ISOnDemandTableViewInteractor.m */,
				0193469D1E0B5A1900D9053F /* Assets.xcassets */,
				019346A21E0B5A1900D9053F /* Info.plist */,
			);
			path = ISOnDemandTableView;
			sourceTree = "<group>";
		};
		01E087591E11EB59001420E0 /* Example */ = {
			isa = PBXGroup;
			children = (
				01E087631E11ED6A001420E0 /* LaunchScreen.storyboard */,
				01E087601E11ED1B001420E0 /* Supporting Files */,
				01E0875A1E11EC64001420E0 /* AppDelegate.h */,
				01E0875B1E11EC64001420E0 /* AppDelegate.m */,
				01BF70571E21385700B0D33A /* MainViewController.swift */,
				01BF70581E21385700B0D33A /* MainViewController.xib */,
				01BF70561E21385700B0D33A /* ISOnDemandTableView-Bridging-Header.h */,
				01BF70621E214FBA00B0D33A /* CustomTableViewInteractor.swift */,
				01BF70641E21504500B0D33A /* SimpleTableViewCell.swift */,
				01BF70651E21504500B0D33A /* SimpleTableViewCell.xib */,
			);
			name = Example;
			sourceTree = "<group>";
		};
		01E087601E11ED1B001420E0 /* Supporting Files */ = {
			isa = PBXGroup;
			children = (
				01E087611E11ED31001420E0 /* main.m */,
			);
			name = "Supporting Files";
			sourceTree = "<group>";
		};
/* End PBXGroup section */

/* Begin PBXNativeTarget section */
		0193468D1E0B5A1900D9053F /* ISOnDemandTableView */ = {
			isa = PBXNativeTarget;
			buildConfigurationList = 019346A51E0B5A1900D9053F /* Build configuration list for PBXNativeTarget "ISOnDemandTableView" */;
			buildPhases = (
				0193468A1E0B5A1900D9053F /* Sources */,
				0193468B1E0B5A1900D9053F /* Frameworks */,
				0193468C1E0B5A1900D9053F /* Resources */,
			);
			buildRules = (
			);
			dependencies = (
			);
			name = ISOnDemandTableView;
			productName = ISOnDemandTableView;
			productReference = 0193468E1E0B5A1900D9053F /* ISOnDemandTableView.app */;
			productType = "com.apple.product-type.application";
		};
/* End PBXNativeTarget section */

/* Begin PBXProject section */
		019346861E0B5A1900D9053F /* Project object */ = {
			isa = PBXProject;
			attributes = {
				LastUpgradeCheck = 1020;
				ORGANIZATIONNAME = Ilhasoft;
				TargetAttributes = {
					0193468D1E0B5A1900D9053F = {
						CreatedOnToolsVersion = 8.2;
						DevelopmentTeam = ZE9A9HAM9Z;
						LastSwiftMigration = 0820;
						ProvisioningStyle = Automatic;
					};
				};
			};
			buildConfigurationList = 019346891E0B5A1900D9053F /* Build configuration list for PBXProject "ISOnDemandTableView" */;
			compatibilityVersion = "Xcode 3.2";
			developmentRegion = English;
			hasScannedForEncodings = 0;
			knownRegions = (
				English,
				en,
				Base,
			);
			mainGroup = 019346851E0B5A1900D9053F;
			productRefGroup = 0193468F1E0B5A1900D9053F /* Products */;
			projectDirPath = "";
			projectRoot = "";
			targets = (
				0193468D1E0B5A1900D9053F /* ISOnDemandTableView */,
			);
		};
/* End PBXProject section */

/* Begin PBXResourcesBuildPhase section */
		0193468C1E0B5A1900D9053F /* Resources */ = {
			isa = PBXResourcesBuildPhase;
			buildActionMask = 2147483647;
			files = (
				01E087671E11ED6A001420E0 /* LaunchScreen.storyboard in Resources */,
				01BF70671E21504500B0D33A /* SimpleTableViewCell.xib in Resources */,
				0193469E1E0B5A1900D9053F /* Assets.xcassets in Resources */,
				01BF705A1E21385700B0D33A /* MainViewController.xib in Resources */,
			);
			runOnlyForDeploymentPostprocessing = 0;
		};
/* End PBXResourcesBuildPhase section */

/* Begin PBXSourcesBuildPhase section */
		0193468A1E0B5A1900D9053F /* Sources */ = {
			isa = PBXSourcesBuildPhase;
			buildActionMask = 2147483647;
			files = (
				01BF70611E213AD300B0D33A /* ISOnDemandTableViewInteractor.m in Sources */,
				01E087621E11ED31001420E0 /* main.m in Sources */,
				01E0875C1E11EC64001420E0 /* AppDelegate.m in Sources */,
				01BF70631E214FBA00B0D33A /* CustomTableViewInteractor.swift in Sources */,
				01BF70661E21504500B0D33A /* SimpleTableViewCell.swift in Sources */,
				01BF70591E21385700B0D33A /* MainViewController.swift in Sources */,
				01BF70601E213AD300B0D33A /* ISOnDemandTableView.m in Sources */,
			);
			runOnlyForDeploymentPostprocessing = 0;
		};
/* End PBXSourcesBuildPhase section */

/* Begin PBXVariantGroup section */
		01E087631E11ED6A001420E0 /* LaunchScreen.storyboard */ = {
			isa = PBXVariantGroup;
			children = (
				01E087641E11ED6A001420E0 /* Base */,
			);
			name = LaunchScreen.storyboard;
			sourceTree = "<group>";
		};
/* End PBXVariantGroup section */

/* Begin XCBuildConfiguration section */
		019346A31E0B5A1900D9053F /* Debug */ = {
			isa = XCBuildConfiguration;
			buildSettings = {
				ALWAYS_SEARCH_USER_PATHS = NO;
				CLANG_ANALYZER_LOCALIZABILITY_NONLOCALIZED = YES;
				CLANG_ANALYZER_NONNULL = YES;
				CLANG_CXX_LANGUAGE_STANDARD = "gnu++0x";
				CLANG_CXX_LIBRARY = "libc++";
				CLANG_ENABLE_MODULES = YES;
				CLANG_ENABLE_OBJC_ARC = YES;
				CLANG_WARN_BLOCK_CAPTURE_AUTORELEASING = YES;
				CLANG_WARN_BOOL_CONVERSION = YES;
				CLANG_WARN_COMMA = YES;
				CLANG_WARN_CONSTANT_CONVERSION = YES;
				CLANG_WARN_DEPRECATED_OBJC_IMPLEMENTATIONS = YES;
				CLANG_WARN_DIRECT_OBJC_ISA_USAGE = YES_ERROR;
				CLANG_WARN_DOCUMENTATION_COMMENTS = YES;
				CLANG_WARN_EMPTY_BODY = YES;
				CLANG_WARN_ENUM_CONVERSION = YES;
				CLANG_WARN_INFINITE_RECURSION = YES;
				CLANG_WARN_INT_CONVERSION = YES;
				CLANG_WARN_NON_LITERAL_NULL_CONVERSION = YES;
				CLANG_WARN_OBJC_IMPLICIT_RETAIN_SELF = YES;
				CLANG_WARN_OBJC_LITERAL_CONVERSION = YES;
				CLANG_WARN_OBJC_ROOT_CLASS = YES_ERROR;
				CLANG_WARN_RANGE_LOOP_ANALYSIS = YES;
				CLANG_WARN_STRICT_PROTOTYPES = YES;
				CLANG_WARN_SUSPICIOUS_MOVE = YES;
				CLANG_WARN_UNREACHABLE_CODE = YES;
				CLANG_WARN__DUPLICATE_METHOD_MATCH = YES;
				"CODE_SIGN_IDENTITY[sdk=iphoneos*]" = "iPhone Developer";
				COPY_PHASE_STRIP = NO;
				DEBUG_INFORMATION_FORMAT = dwarf;
				ENABLE_STRICT_OBJC_MSGSEND = YES;
				ENABLE_TESTABILITY = YES;
				GCC_C_LANGUAGE_STANDARD = gnu99;
				GCC_DYNAMIC_NO_PIC = NO;
				GCC_NO_COMMON_BLOCKS = YES;
				GCC_OPTIMIZATION_LEVEL = 0;
				GCC_PREPROCESSOR_DEFINITIONS = (
					"DEBUG=1",
					"$(inherited)",
				);
				GCC_WARN_64_TO_32_BIT_CONVERSION = YES;
				GCC_WARN_ABOUT_RETURN_TYPE = YES_ERROR;
				GCC_WARN_UNDECLARED_SELECTOR = YES;
				GCC_WARN_UNINITIALIZED_AUTOS = YES_AGGRESSIVE;
				GCC_WARN_UNUSED_FUNCTION = YES;
				GCC_WARN_UNUSED_VARIABLE = YES;
				IPHONEOS_DEPLOYMENT_TARGET = 10.2;
				MTL_ENABLE_DEBUG_INFO = YES;
				ONLY_ACTIVE_ARCH = YES;
				SDKROOT = iphoneos;
				SWIFT_VERSION = 5.0;
				TARGETED_DEVICE_FAMILY = "1,2";
			};
			name = Debug;
		};
		019346A41E0B5A1900D9053F /* Release */ = {
			isa = XCBuildConfiguration;
			buildSettings = {
				ALWAYS_SEARCH_USER_PATHS = NO;
				CLANG_ANALYZER_LOCALIZABILITY_NONLOCALIZED = YES;
				CLANG_ANALYZER_NONNULL = YES;
				CLANG_CXX_LANGUAGE_STANDARD = "gnu++0x";
				CLANG_CXX_LIBRARY = "libc++";
				CLANG_ENABLE_MODULES = YES;
				CLANG_ENABLE_OBJC_ARC = YES;
				CLANG_WARN_BLOCK_CAPTURE_AUTORELEASING = YES;
				CLANG_WARN_BOOL_CONVERSION = YES;
				CLANG_WARN_COMMA = YES;
				CLANG_WARN_CONSTANT_CONVERSION = YES;
				CLANG_WARN_DEPRECATED_OBJC_IMPLEMENTATIONS = YES;
				CLANG_WARN_DIRECT_OBJC_ISA_USAGE = YES_ERROR;
				CLANG_WARN_DOCUMENTATION_COMMENTS = YES;
				CLANG_WARN_EMPTY_BODY = YES;
				CLANG_WARN_ENUM_CONVERSION = YES;
				CLANG_WARN_INFINITE_RECURSION = YES;
				CLANG_WARN_INT_CONVERSION = YES;
				CLANG_WARN_NON_LITERAL_NULL_CONVERSION = YES;
				CLANG_WARN_OBJC_IMPLICIT_RETAIN_SELF = YES;
				CLANG_WARN_OBJC_LITERAL_CONVERSION = YES;
				CLANG_WARN_OBJC_ROOT_CLASS = YES_ERROR;
				CLANG_WARN_RANGE_LOOP_ANALYSIS = YES;
				CLANG_WARN_STRICT_PROTOTYPES = YES;
				CLANG_WARN_SUSPICIOUS_MOVE = YES;
				CLANG_WARN_UNREACHABLE_CODE = YES;
				CLANG_WARN__DUPLICATE_METHOD_MATCH = YES;
				"CODE_SIGN_IDENTITY[sdk=iphoneos*]" = "iPhone Developer";
				COPY_PHASE_STRIP = NO;
				DEBUG_INFORMATION_FORMAT = "dwarf-with-dsym";
				ENABLE_NS_ASSERTIONS = NO;
				ENABLE_STRICT_OBJC_MSGSEND = YES;
				GCC_C_LANGUAGE_STANDARD = gnu99;
				GCC_NO_COMMON_BLOCKS = YES;
				GCC_WARN_64_TO_32_BIT_CONVERSION = YES;
				GCC_WARN_ABOUT_RETURN_TYPE = YES_ERROR;
				GCC_WARN_UNDECLARED_SELECTOR = YES;
				GCC_WARN_UNINITIALIZED_AUTOS = YES_AGGRESSIVE;
				GCC_WARN_UNUSED_FUNCTION = YES;
				GCC_WARN_UNUSED_VARIABLE = YES;
				IPHONEOS_DEPLOYMENT_TARGET = 10.2;
				MTL_ENABLE_DEBUG_INFO = NO;
				SDKROOT = iphoneos;
				SWIFT_COMPILATION_MODE = wholemodule;
				SWIFT_VERSION = 5.0;
				TARGETED_DEVICE_FAMILY = "1,2";
				VALIDATE_PRODUCT = YES;
			};
			name = Release;
		};
		019346A61E0B5A1900D9053F /* Debug */ = {
			isa = XCBuildConfiguration;
			buildSettings = {
				ASSETCATALOG_COMPILER_APPICON_NAME = AppIcon;
				CLANG_ENABLE_MODULES = YES;
				CURRENT_PROJECT_VERSION = "";
				DEVELOPMENT_TEAM = ZE9A9HAM9Z;
				INFOPLIST_FILE = ISOnDemandTableView/Info.plist;
				IPHONEOS_DEPLOYMENT_TARGET = 9.0;
				LD_RUNPATH_SEARCH_PATHS = "$(inherited) @executable_path/Frameworks";
				PRODUCT_BUNDLE_IDENTIFIER = br.com.ilhasoft.ISOnDemandTableView;
				PRODUCT_NAME = "$(TARGET_NAME)";
				SWIFT_OBJC_BRIDGING_HEADER = "ISOnDemandTableView-Bridging-Header.h";
				SWIFT_OPTIMIZATION_LEVEL = "-Onone";
				SWIFT_VERSION = 5.0;
			};
			name = Debug;
		};
		019346A71E0B5A1900D9053F /* Release */ = {
			isa = XCBuildConfiguration;
			buildSettings = {
				ASSETCATALOG_COMPILER_APPICON_NAME = AppIcon;
				CLANG_ENABLE_MODULES = YES;
				CURRENT_PROJECT_VERSION = "";
				DEVELOPMENT_TEAM = ZE9A9HAM9Z;
				INFOPLIST_FILE = ISOnDemandTableView/Info.plist;
				IPHONEOS_DEPLOYMENT_TARGET = 9.0;
				LD_RUNPATH_SEARCH_PATHS = "$(inherited) @executable_path/Frameworks";
				PRODUCT_BUNDLE_IDENTIFIER = br.com.ilhasoft.ISOnDemandTableView;
				PRODUCT_NAME = "$(TARGET_NAME)";
				SWIFT_OBJC_BRIDGING_HEADER = "ISOnDemandTableView-Bridging-Header.h";
				SWIFT_VERSION = 5.0;
			};
			name = Release;
		};
/* End XCBuildConfiguration section */

/* Begin XCConfigurationList section */
		019346891E0B5A1900D9053F /* Build configuration list for PBXProject "ISOnDemandTableView" */ = {
			isa = XCConfigurationList;
			buildConfigurations = (
				019346A31E0B5A1900D9053F /* Debug */,
				019346A41E0B5A1900D9053F /* Release */,
			);
			defaultConfigurationIsVisible = 0;
			defaultConfigurationName = Release;
		};
		019346A51E0B5A1900D9053F /* Build configuration list for PBXNativeTarget "ISOnDemandTableView" */ = {
			isa = XCConfigurationList;
			buildConfigurations = (
				019346A61E0B5A1900D9053F /* Debug */,
				019346A71E0B5A1900D9053F /* Release */,
			);
			defaultConfigurationIsVisible = 0;
			defaultConfigurationName = Release;
		};
/* End XCConfigurationList section */
	};
	rootObject = 019346861E0B5A1900D9053F /* Project object */;
}
